
Microsoft Visual Studio Solution File, Format Version 12.00
# Visual Studio Version 16
VisualStudioVersion = 16.0.30204.135
MinimumVisualStudioVersion = 10.0.40219.1
Project("{FAE04EC0-301F-11D3-BF4B-00C04F79EFBC}") = "AirSystemProject", "AirSystemProject.csproj", "{DAD97EFD-3A1F-477F-8423-489CAA0563AB}"
EndProject
Global
	GlobalSection(SolutionConfigurationPlatforms) = preSolution
		Debug|Any CPU = Debug|Any CPU
		Release|Any CPU = Release|Any CPU
	EndGlobalSection
	GlobalSection(ProjectConfigurationPlatforms) = postSolution
		{DAD97EFD-3A1F-477F-8423-489CAA0563AB}.Debug|Any CPU.ActiveCfg = Debug|Any CPU
		{DAD97EFD-3A1F-477F-8423-489CAA0563AB}.Debug|Any CPU.Build.0 = Debug|Any CPU
		{DAD97EFD-3A1F-477F-8423-489CAA0563AB}.Release|Any CPU.ActiveCfg = Release|Any CPU
		{DAD97EFD-3A1F-477F-8423-489CAA0563AB}.Release|Any CPU.Build.0 = Release|Any CPU
	EndGlobalSection
	GlobalSection(SolutionProperties) = preSolution
		HideSolutionNode = FALSE
	EndGlobalSection
	GlobalSection(ExtensibilityGlobals) = postSolution
		SolutionGuid = {DF0DB30E-8B03-4CAF-8888-AB648C13725B}
	EndGlobalSection
EndGlobal
